<?xml version="1.0" encoding="utf-8"?>
<Project ToolsVersion="4.0" xmlns="http://schemas.microsoft.com/developer/msbuild/2003">
  <ItemGroup>
    <Filter Include="Configuration">
      <UniqueIdentifier>{e9e060fd-5391-4f48-96e2-f9242030582b}</UniqueIdentifier>
    </Filter>
  </ItemGroup>
  <ItemGroup>
    <None Include="Applications.xml">
      <Filter>Configuration</Filter>
    </None>
    <None Include="DataTypes.xml">
      <Filter>Configuration</Filter>
    </None>
    <None Include="KPI.sql">
      <Filter>Configuration</Filter>
    </None>
    <None Include="default.build" />
  </ItemGroup>
  <ItemGroup>
    <ClCompile Include="KPI.cpp" />
  </ItemGroup>
  <ItemGroup>
    <ClInclude Include="KPI.h" />
  </ItemGroup>
</Project>