<?xml version="1.0" encoding="UTF-8" standalone="yes" ?>
<CodeBlocks_project_file>
	<FileVersion major="1" minor="6" />
	<Project>
		<Option title="Criteria.Libraries.bOS" />
		<Option execution_dir="/opt/cBPM/criteria-lin/bin/Criteria/Debug/bOS" />
		<Option pch_mode="2" />
		<Option compiler="gcc" />
		<Build>
			<Target title="Release Win32">
				<Option output="/opt/cBPM/criteria-lin/bin/Criteria/Debug/bOS/Libraries" prefix_auto="1" extension_auto="1" />
				<Option object_output="../../../bin/Release/cppbOS" />
				<Option type="3" />
				<Option compiler="gcc" />
				<Option createDefFile="1" />
				<Option createStaticLib="1" />
				<Compiler>
					<Add option="-O2" />
					<Add option="-W" />
					<Add option="-DWIN32" />
					<Add option="-D_WIN32" />
					<Add option="-D_WINDOWS" />
					<Add option="-D_USRDLL" />
					<Add option="-DBOS_EXPORTS" />
					<Add option="-DCODEMANAGER_EXPORTS" />
					<Add directory="." />
					<Add directory="./CodeManager" />
					<Add directory="./IO" />
					<Add directory="./Network" />
					<Add directory="./Network/SMTP" />
					<Add directory="./Utils" />
					<Add directory="./Core" />
					<Add directory="./System" />
					<Add directory="./Exception" />
					<Add directory="./String" />
					<Add directory="./XML" />
					<Add directory="./XML/XSLT" />
					<Add directory="./XML/Data/FileSystem" />
					<Add directory="./XML/Data" />
					<Add directory="./Collections" />
					<Add directory="./SQL" />
					<Add directory="./SQL/mySQL" />
					<Add directory="/opt/cBPM/criteria-lin/reference/cpp/include" />
					<Add directory="/usr/include" />
				</Compiler>
				<ResourceCompiler>
					<Add directory="." />
					<Add directory="./CodeManager" />
					<Add directory="./IO" />
					<Add directory="./Network" />
					<Add directory="./Network/SMTP" />
					<Add directory="./Utils" />
					<Add directory="./Core" />
					<Add directory="./System" />
					<Add directory="./Exception" />
					<Add directory="./String" />
					<Add directory="./XML" />
					<Add directory="./XML/XSLT" />
					<Add directory="./XML/Data/FileSystem" />
					<Add directory="./XML/Data" />
					<Add directory="./Collections" />
					<Add directory="./SQL" />
					<Add directory="./SQL/mySQL" />
					<Add directory="/opt/cBPM/criteria-lin/reference/cpp/include" />
				</ResourceCompiler>
				<Linker>
					<Add library="rpcrt4" />
					<Add library="ws2_32" />
					<Add library="xerces-c_3" />
					<Add library="Xalan-C_1" />
					<Add library="libmysql" />
					<Add directory="/opt/cBPM/criteria-lin/reference/cpp/lib" />
				</Linker>
				<ExtraCommands>
					<Add after="%WF_HOME%\nant.bat  /f:/opt/cBPM/criteria-lin/src/Criteria/Criteria.Libraries.bOS/default.build -D:builddir=..\..\..\bin\Release\cppbOS" />
				</ExtraCommands>
			</Target>
			<Target title="Debug Win32">
				<Option output="../../../bin/Criteria/Debug/bOS/Libraries" prefix_auto="1" extension_auto="1" />
				<Option object_output="../../../bin/Criteria/Debug/bOS" />
				<Option type="3" />
				<Option compiler="gcc" />
				<Option createDefFile="1" />
				<Option createStaticLib="1" />
				<Compiler>
					<Add option="-Wall" />
					<Add option="-g" />
					<Add option="-W" />
					<Add option="-O0" />
					<Add option="-fPIC" />
					<Add option="-DSQLITE_OS_UNIX" />
					<Add option="-DWIN32" />
					<Add option="-D_DEBUG" />
					<Add option="-D_WINDOWS" />
					<Add option="-D_USRDLL" />
					<Add option="-D_USE_SQLITE3_" />
					<Add option="-D_CODEMANAGER_TRACE_ON_" />
					<Add option="-DBOS_EXPORTS" />
					<Add option="-DCODEMANAGER_EXPORTS" />
					<Add directory="/opt/cBPM/criteria-lin/include/bOS" />
					<Add directory="/opt/cBPM/criteria-lin/include/" />
					<Add directory="/usr/include" />
				</Compiler>
				<Linker>
					<Add library="mysqlclient" />
					<Add directory="/usr/lib64/mysql/" />
				</Linker>
				<ExtraCommands>
					<Add after="cp /opt/cBPM/criteria-lin/bin/Criteria/Debug/bOS/libLibraries.so /opt/cBPM/criteria-lin/lib" />
				</ExtraCommands>
			</Target>
		</Build>
		<Unit filename="CodeManager/CodeItem.cpp" />
		<Unit filename="CodeManager/CodeTracer.cpp" />
		<Unit filename="CodeManager/Tracer.cpp" />
		<Unit filename="Collections/bOSCollection.cpp" />
		<Unit filename="Collections/bOSCollectionEntry.cpp" />
		<Unit filename="Core/bOSMutex.cpp" />
		<Unit filename="Core/bOSSemaphore.cpp" />
		<Unit filename="Core/bOSSmartLocker.cpp" />
		<Unit filename="Core/bOSThread.cpp" />
		<Unit filename="Exception/bOSException.cpp" />
		<Unit filename="IO/bOSFile.cpp" />
		<Unit filename="IO/bOSFileSystem.cpp" />
		<Unit filename="JniInvoker.cpp" />
		<Unit filename="Network/bOSSocketException.cpp" />
		<Unit filename="Network/bOSSockets.cpp" />
		<Unit filename="SQL/SQLite3/3rdLibraries/CppSQLite3.cpp" />
		<Unit filename="SQL/SQLite3/3rdLibraries/sqlite3.c">
			<Option compilerVar="CC" />
		</Unit>
		<Unit filename="SQL/SQLite3/bOSSQLiteConnection.cpp" />
		<Unit filename="SQL/SQLite3/bOSSQLiteConnectionData.cpp" />
		<Unit filename="SQL/SQLite3/bOSSQLiteResultSet.cpp" />
		<Unit filename="SQL/SQLite3/bOSSQLiteResultSetField.cpp" />
		<Unit filename="SQL/SQLite3/bOSSQLiteResultSetMetaData.cpp" />
		<Unit filename="SQL/bOSResultSet.cpp" />
		<Unit filename="SQL/bOSResultSetField.cpp" />
		<Unit filename="SQL/bOSResultSetMetaData.cpp" />
		<Unit filename="SQL/bOSResultSetRecord.cpp" />
		<Unit filename="SQL/bOSSQLCommand.cpp" />
		<Unit filename="SQL/bOSSQLCommands.cpp" />
		<Unit filename="SQL/bOSSQLConnection.cpp" />
		<Unit filename="SQL/bOSSQLConnectionManager.cpp" />
		<Unit filename="SQL/bOSSQLConnectionPool.cpp" />
		<Unit filename="SQL/bOSSQLField.cpp" />
		<Unit filename="SQL/bOSSQLSmartConnection.cpp" />
		<Unit filename="SQL/bOSSQLTable.cpp" />
		<Unit filename="SQL/mySQL/bOSmySQLConnection.cpp" />
		<Unit filename="SQL/mySQL/bOSmySQLConnectionData.cpp" />
		<Unit filename="SQL/mySQL/bOSmySQLResultSet.cpp" />
		<Unit filename="SQL/mySQL/bOSmySQLResultSetField.cpp" />
		<Unit filename="SQL/mySQL/bOSmySQLResultSetMetaData.cpp" />
		<Unit filename="String/bOSString.cpp" />
		<Unit filename="String/bOSStringBuffer.cpp" />
		<Unit filename="String/bOSStringUtils.cpp" />
		<Unit filename="System/bOSProcess.cpp" />
		<Unit filename="System/bOSSystem.cpp" />
		<Unit filename="TODO.txt" />
		<Unit filename="Utils/bOSDate.cpp" />
		<Unit filename="Utils/bOSDateTime.cpp" />
		<Unit filename="Utils/bOSTime.cpp" />
		<Unit filename="Utils/bOSTimer.cpp" />
		<Unit filename="Utils/bOSUniqueID.cpp" />
		<Unit filename="XML/Data/FileSystem/bOSXMLDirectory.cpp" />
		<Unit filename="XML/Data/FileSystem/bOSXMLFile.cpp" />
		<Unit filename="XML/Data/bOSXMLObject.cpp" />
		<Unit filename="XML/Data/bOSXMLObjectSet.cpp" />
		<Unit filename="XML/XSLT/bOSXSLTManager.cpp" />
		<Unit filename="XML/bOSXMLAttribute.cpp" />
		<Unit filename="XML/bOSXMLHelper.cpp" />
		<Unit filename="XML/bOSXMLNode.cpp" />
		<Unit filename="bOS.cpp" />
		<Unit filename="default.build" />
		<Extensions>
			<code_completion />
			<debugger />
			<envvars />
		</Extensions>
	</Project>
</CodeBlocks_project_file>
