
Microsoft Visual Studio Solution File, Format Version 11.00
# Visual Studio 2010
Project("{8BC9CEB8-8B4A-11D0-8D11-00A0C91BC942}") = "Criteria.Libraries.bOS", "Libraries.bOS.vcxproj", "{30976358-EF5A-4E29-8107-9C857D4F39C2}"
EndProject
Global
	GlobalSection(SolutionConfigurationPlatforms) = preSolution
		abc|Win32 = abc|Win32
		CompilazioneTotale|Win32 = CompilazioneTotale|Win32
		Debug|Win32 = Debug|Win32
		Libreria Statica - Debug|Win32 = Libreria Statica - Debug|Win32
		Release|Win32 = Release|Win32
	EndGlobalSection
	GlobalSection(ProjectConfigurationPlatforms) = postSolution
		{30976358-EF5A-4E29-8107-9C857D4F39C2}.abc|Win32.ActiveCfg = abc|Win32
		{30976358-EF5A-4E29-8107-9C857D4F39C2}.abc|Win32.Build.0 = abc|Win32
		{30976358-EF5A-4E29-8107-9C857D4F39C2}.CompilazioneTotale|Win32.ActiveCfg = CompilazioneTotale|Win32
		{30976358-EF5A-4E29-8107-9C857D4F39C2}.CompilazioneTotale|Win32.Build.0 = CompilazioneTotale|Win32
		{30976358-EF5A-4E29-8107-9C857D4F39C2}.Debug|Win32.ActiveCfg = Debug|Win32
		{30976358-EF5A-4E29-8107-9C857D4F39C2}.Debug|Win32.Build.0 = Debug|Win32
		{30976358-EF5A-4E29-8107-9C857D4F39C2}.Libreria Statica - Debug|Win32.ActiveCfg = Libreria Statica - Debug|Win32
		{30976358-EF5A-4E29-8107-9C857D4F39C2}.Libreria Statica - Debug|Win32.Build.0 = Libreria Statica - Debug|Win32
		{30976358-EF5A-4E29-8107-9C857D4F39C2}.Release|Win32.ActiveCfg = Release|Win32
		{30976358-EF5A-4E29-8107-9C857D4F39C2}.Release|Win32.Build.0 = Release|Win32
	EndGlobalSection
	GlobalSection(SolutionProperties) = preSolution
		HideSolutionNode = FALSE
	EndGlobalSection
EndGlobal
