Microsoft Visual Studio Solution File, Format Version 11.00
# Visual Studio 2010
Project("{2150E333-8FDC-42A3-9474-1A3956D46DE8}") = "_Solution Items", "_Solution Items", "{ED4FCCFD-485F-4ECD-8036-5F05B70AE83B}"
	ProjectSection(SolutionItems) = preProject
		..\..\Criteria.build = ..\..\Criteria.build
		..\Scenario.build = ..\Scenario.build
		TODO.txt = TODO.txt
	EndProjectSection
EndProject
Project("{2150E333-8FDC-42A3-9474-1A3956D46DE8}") = "Configurazione", "Configurazione", "{5424A937-899E-491D-84F2-CD55B3D6E295}"
	ProjectSection(SolutionItems) = preProject
		..\..\TestEnvironment\database\Criteria.Roles.xml = ..\..\TestEnvironment\database\Criteria.Roles.xml
		..\..\TestEnvironment\database\Criteria.Services.xml = ..\..\TestEnvironment\database\Criteria.Services.xml
		..\..\TestEnvironment\database\Criteria.Users.xml = ..\..\TestEnvironment\database\Criteria.Users.xml
		..\..\TestEnvironment\database\Criteria.xml = ..\..\TestEnvironment\database\Criteria.xml
	EndProjectSection
EndProject
Project("{2150E333-8FDC-42A3-9474-1A3956D46DE8}") = "workflows", "workflows", "{780C1946-313B-480B-A9DD-E88791AC8F20}"
	ProjectSection(SolutionItems) = preProject
		..\..\TestEnvironment\database\processTemplate\Application.xml = ..\..\TestEnvironment\database\processTemplate\Application.xml
		..\..\TestEnvironment\database\processTemplate\StartEnd.xml = ..\..\TestEnvironment\database\processTemplate\StartEnd.xml
		..\..\TestEnvironment\database\processTemplate\TestNotePad.xml = ..\..\TestEnvironment\database\processTemplate\TestNotePad.xml
	EndProjectSection
EndProject
Project("{2150E333-8FDC-42A3-9474-1A3956D46DE8}") = "database", "database", "{EF4A4072-1FD1-4B48-956C-6FF0EA34ECE5}"
EndProject
Project("{2150E333-8FDC-42A3-9474-1A3956D46DE8}") = "MySQL", "MySQL", "{FB8A3206-C101-4C9C-87F7-FC590796AD7E}"
	ProjectSection(SolutionItems) = preProject
		..\..\database\scripts\mysql\criteria_mysql.sql = ..\..\database\scripts\mysql\criteria_mysql.sql
		..\..\database\scripts\mysql\dm_mysql.sql = ..\..\database\scripts\mysql\dm_mysql.sql
		..\..\database\scripts\mysql\quartz_mysql.sql = ..\..\database\scripts\mysql\quartz_mysql.sql
	EndProjectSection
EndProject
Project("{2150E333-8FDC-42A3-9474-1A3956D46DE8}") = "SQLite", "SQLite", "{AD9D0D2F-C4D5-42B9-A53A-9EA81369ABDB}"
	ProjectSection(SolutionItems) = preProject
		..\..\database\scripts\sqlite3\main.sql = ..\..\database\scripts\sqlite3\main.sql
		..\..\database\scripts\sqlite3\sf_sqlite3.sql = ..\..\database\scripts\sqlite3\sf_sqlite3.sql
	EndProjectSection
EndProject
Project("{2150E333-8FDC-42A3-9474-1A3956D46DE8}") = "applications", "applications", "{E0EED8B2-B64D-4156-B86D-02B2609484EA}"
	ProjectSection(SolutionItems) = preProject
		..\..\TestEnvironment\database\applications\Criteria.Applications.StandAlone.Simple.xml = ..\..\TestEnvironment\database\applications\Criteria.Applications.StandAlone.Simple.xml
		..\..\TestEnvironment\database\applications\Criteria.Applications.xml = ..\..\TestEnvironment\database\applications\Criteria.Applications.xml
		..\..\TestEnvironment\database\applications\CriteriaWAPI.Applications.xml = ..\..\TestEnvironment\database\applications\CriteriaWAPI.Applications.xml
		..\..\TestEnvironment\database\applications\DocumentManagement.Applications.xml = ..\..\TestEnvironment\database\applications\DocumentManagement.Applications.xml
		..\..\TestEnvironment\database\applications\FOP.Applications.xml = ..\..\TestEnvironment\database\applications\FOP.Applications.xml
		..\..\TestEnvironment\database\applications\Mail.Applications.xml = ..\..\TestEnvironment\database\applications\Mail.Applications.xml
		..\..\TestEnvironment\database\applications\Math.Applications.xml = ..\..\TestEnvironment\database\applications\Math.Applications.xml
	EndProjectSection
EndProject
Project("{2150E333-8FDC-42A3-9474-1A3956D46DE8}") = "datatypes", "datatypes", "{30879609-E13A-44CB-B6FC-7D6E9ABA734F}"
	ProjectSection(SolutionItems) = preProject
		..\..\TestEnvironment\database\dataTypes\Criteria.DataTypes.xml = ..\..\TestEnvironment\database\dataTypes\Criteria.DataTypes.xml
	EndProjectSection
EndProject
Project("{2150E333-8FDC-42A3-9474-1A3956D46DE8}") = "checkList", "checkList", "{152670B6-B2FD-4288-9556-1FB93364FA87}"
	ProjectSection(SolutionItems) = preProject
		..\..\TestEnvironment\database\checkList\ChecksList.xml = ..\..\TestEnvironment\database\checkList\ChecksList.xml
		..\..\TestEnvironment\database\checkList\prova.xslt = ..\..\TestEnvironment\database\checkList\prova.xslt
	EndProjectSection
EndProject
Project("{2150E333-8FDC-42A3-9474-1A3956D46DE8}") = "Criteria", "Criteria", "{474DF0F1-C3A3-4F22-BBE0-3361CC6C1AC4}"
EndProject
Project("{8BC9CEB8-8B4A-11D0-8D11-00A0C91BC942}") = "Criteria.Libraries.bOS", "Criteria\Criteria.Libraries.bOS\Libraries.bOS.vcxproj", "{30976358-EF5A-4E29-8107-9C857D4F39C2}"
EndProject
Project("{8BC9CEB8-8B4A-11D0-8D11-00A0C91BC942}") = "Criteria.Applications.ApplicationHelper", "Criteria\Criteria.Applications\Applications.Template\Criteria.Applications.Template.vcxproj", "{7E4F4310-E8D2-4F2C-825A-C235D15E6556}"
EndProject
Project("{8BC9CEB8-8B4A-11D0-8D11-00A0C91BC942}") = "Criteria.Tools.Executor", "Criteria\Criteria.Tools\Criteria.Tools.Executor\Tools.Executor.vcxproj", "{AA81BE37-F043-4E92-AD0F-3B45FC5F002C}"
EndProject
Project("{8BC9CEB8-8B4A-11D0-8D11-00A0C91BC942}") = "Criteria.WorkflowEngine", "Criteria\Criteria.WorkflowEngine\WorkflowEngine.vcxproj", "{C199D325-23BA-4BD8-811A-D1937635D0B4}"
EndProject
Global
	GlobalSection(SolutionConfigurationPlatforms) = preSolution
		abc|Any CPU = abc|Any CPU
		abc|Mixed Platforms = abc|Mixed Platforms
		abc|Win32 = abc|Win32
		abc|x86 = abc|x86
		CompilazioneTotale|Any CPU = CompilazioneTotale|Any CPU
		CompilazioneTotale|Mixed Platforms = CompilazioneTotale|Mixed Platforms
		CompilazioneTotale|Win32 = CompilazioneTotale|Win32
		CompilazioneTotale|x86 = CompilazioneTotale|x86
		Debug|Any CPU = Debug|Any CPU
		Debug|Mixed Platforms = Debug|Mixed Platforms
		Debug|Win32 = Debug|Win32
		Debug|x86 = Debug|x86
		Libreria Statica - Debug|Any CPU = Libreria Statica - Debug|Any CPU
		Libreria Statica - Debug|Mixed Platforms = Libreria Statica - Debug|Mixed Platforms
		Libreria Statica - Debug|Win32 = Libreria Statica - Debug|Win32
		Libreria Statica - Debug|x86 = Libreria Statica - Debug|x86
		Release|Any CPU = Release|Any CPU
		Release|Mixed Platforms = Release|Mixed Platforms
		Release|Win32 = Release|Win32
		Release|x86 = Release|x86
	EndGlobalSection
	GlobalSection(ProjectConfigurationPlatforms) = postSolution
		{30976358-EF5A-4E29-8107-9C857D4F39C2}.abc|Any CPU.ActiveCfg = abc|Win32
		{30976358-EF5A-4E29-8107-9C857D4F39C2}.abc|Mixed Platforms.ActiveCfg = abc|Win32
		{30976358-EF5A-4E29-8107-9C857D4F39C2}.abc|Mixed Platforms.Build.0 = abc|Win32
		{30976358-EF5A-4E29-8107-9C857D4F39C2}.abc|Win32.ActiveCfg = abc|Win32
		{30976358-EF5A-4E29-8107-9C857D4F39C2}.abc|Win32.Build.0 = abc|Win32
		{30976358-EF5A-4E29-8107-9C857D4F39C2}.abc|x86.ActiveCfg = abc|Win32
		{30976358-EF5A-4E29-8107-9C857D4F39C2}.CompilazioneTotale|Any CPU.ActiveCfg = CompilazioneTotale|Win32
		{30976358-EF5A-4E29-8107-9C857D4F39C2}.CompilazioneTotale|Mixed Platforms.ActiveCfg = CompilazioneTotale|Win32
		{30976358-EF5A-4E29-8107-9C857D4F39C2}.CompilazioneTotale|Mixed Platforms.Build.0 = CompilazioneTotale|Win32
		{30976358-EF5A-4E29-8107-9C857D4F39C2}.CompilazioneTotale|Win32.ActiveCfg = CompilazioneTotale|Win32
		{30976358-EF5A-4E29-8107-9C857D4F39C2}.CompilazioneTotale|Win32.Build.0 = CompilazioneTotale|Win32
		{30976358-EF5A-4E29-8107-9C857D4F39C2}.CompilazioneTotale|x86.ActiveCfg = CompilazioneTotale|Win32
		{30976358-EF5A-4E29-8107-9C857D4F39C2}.Debug|Any CPU.ActiveCfg = Debug|Win32
		{30976358-EF5A-4E29-8107-9C857D4F39C2}.Debug|Mixed Platforms.ActiveCfg = Debug|Win32
		{30976358-EF5A-4E29-8107-9C857D4F39C2}.Debug|Mixed Platforms.Build.0 = Debug|Win32
		{30976358-EF5A-4E29-8107-9C857D4F39C2}.Debug|Win32.ActiveCfg = Debug|Win32
		{30976358-EF5A-4E29-8107-9C857D4F39C2}.Debug|Win32.Build.0 = Debug|Win32
		{30976358-EF5A-4E29-8107-9C857D4F39C2}.Debug|x86.ActiveCfg = Debug|Win32
		{30976358-EF5A-4E29-8107-9C857D4F39C2}.Libreria Statica - Debug|Any CPU.ActiveCfg = Libreria Statica - Debug|Win32
		{30976358-EF5A-4E29-8107-9C857D4F39C2}.Libreria Statica - Debug|Mixed Platforms.ActiveCfg = Libreria Statica - Debug|Win32
		{30976358-EF5A-4E29-8107-9C857D4F39C2}.Libreria Statica - Debug|Mixed Platforms.Build.0 = Libreria Statica - Debug|Win32
		{30976358-EF5A-4E29-8107-9C857D4F39C2}.Libreria Statica - Debug|Win32.ActiveCfg = Libreria Statica - Debug|Win32
		{30976358-EF5A-4E29-8107-9C857D4F39C2}.Libreria Statica - Debug|Win32.Build.0 = Libreria Statica - Debug|Win32
		{30976358-EF5A-4E29-8107-9C857D4F39C2}.Libreria Statica - Debug|x86.ActiveCfg = Libreria Statica - Debug|Win32
		{30976358-EF5A-4E29-8107-9C857D4F39C2}.Release|Any CPU.ActiveCfg = Release|Win32
		{30976358-EF5A-4E29-8107-9C857D4F39C2}.Release|Mixed Platforms.ActiveCfg = Release|Win32
		{30976358-EF5A-4E29-8107-9C857D4F39C2}.Release|Mixed Platforms.Build.0 = Release|Win32
		{30976358-EF5A-4E29-8107-9C857D4F39C2}.Release|Win32.ActiveCfg = Release|Win32
		{30976358-EF5A-4E29-8107-9C857D4F39C2}.Release|Win32.Build.0 = Release|Win32
		{30976358-EF5A-4E29-8107-9C857D4F39C2}.Release|x86.ActiveCfg = Release|Win32
		{7E4F4310-E8D2-4F2C-825A-C235D15E6556}.abc|Any CPU.ActiveCfg = Release|Win32
		{7E4F4310-E8D2-4F2C-825A-C235D15E6556}.abc|Mixed Platforms.ActiveCfg = Release|Win32
		{7E4F4310-E8D2-4F2C-825A-C235D15E6556}.abc|Mixed Platforms.Build.0 = Release|Win32
		{7E4F4310-E8D2-4F2C-825A-C235D15E6556}.abc|Win32.ActiveCfg = Release|Win32
		{7E4F4310-E8D2-4F2C-825A-C235D15E6556}.abc|Win32.Build.0 = Release|Win32
		{7E4F4310-E8D2-4F2C-825A-C235D15E6556}.abc|x86.ActiveCfg = Release|Win32
		{7E4F4310-E8D2-4F2C-825A-C235D15E6556}.CompilazioneTotale|Any CPU.ActiveCfg = CompilazioneTotale|Win32
		{7E4F4310-E8D2-4F2C-825A-C235D15E6556}.CompilazioneTotale|Mixed Platforms.ActiveCfg = CompilazioneTotale|Win32
		{7E4F4310-E8D2-4F2C-825A-C235D15E6556}.CompilazioneTotale|Mixed Platforms.Build.0 = CompilazioneTotale|Win32
		{7E4F4310-E8D2-4F2C-825A-C235D15E6556}.CompilazioneTotale|Win32.ActiveCfg = CompilazioneTotale|Win32
		{7E4F4310-E8D2-4F2C-825A-C235D15E6556}.CompilazioneTotale|Win32.Build.0 = CompilazioneTotale|Win32
		{7E4F4310-E8D2-4F2C-825A-C235D15E6556}.CompilazioneTotale|x86.ActiveCfg = CompilazioneTotale|Win32
		{7E4F4310-E8D2-4F2C-825A-C235D15E6556}.Debug|Any CPU.ActiveCfg = Debug|Win32
		{7E4F4310-E8D2-4F2C-825A-C235D15E6556}.Debug|Mixed Platforms.ActiveCfg = Debug|Win32
		{7E4F4310-E8D2-4F2C-825A-C235D15E6556}.Debug|Mixed Platforms.Build.0 = Debug|Win32
		{7E4F4310-E8D2-4F2C-825A-C235D15E6556}.Debug|Win32.ActiveCfg = Debug|Win32
		{7E4F4310-E8D2-4F2C-825A-C235D15E6556}.Debug|Win32.Build.0 = Debug|Win32
		{7E4F4310-E8D2-4F2C-825A-C235D15E6556}.Debug|x86.ActiveCfg = Debug|Win32
		{7E4F4310-E8D2-4F2C-825A-C235D15E6556}.Libreria Statica - Debug|Any CPU.ActiveCfg = Debug|Win32
		{7E4F4310-E8D2-4F2C-825A-C235D15E6556}.Libreria Statica - Debug|Mixed Platforms.ActiveCfg = Debug|Win32
		{7E4F4310-E8D2-4F2C-825A-C235D15E6556}.Libreria Statica - Debug|Mixed Platforms.Build.0 = Debug|Win32
		{7E4F4310-E8D2-4F2C-825A-C235D15E6556}.Libreria Statica - Debug|Win32.ActiveCfg = Debug|Win32
		{7E4F4310-E8D2-4F2C-825A-C235D15E6556}.Libreria Statica - Debug|Win32.Build.0 = Debug|Win32
		{7E4F4310-E8D2-4F2C-825A-C235D15E6556}.Libreria Statica - Debug|x86.ActiveCfg = Debug|Win32
		{7E4F4310-E8D2-4F2C-825A-C235D15E6556}.Release|Any CPU.ActiveCfg = Release|Win32
		{7E4F4310-E8D2-4F2C-825A-C235D15E6556}.Release|Mixed Platforms.ActiveCfg = Release|Win32
		{7E4F4310-E8D2-4F2C-825A-C235D15E6556}.Release|Mixed Platforms.Build.0 = Release|Win32
		{7E4F4310-E8D2-4F2C-825A-C235D15E6556}.Release|Win32.ActiveCfg = Release|Win32
		{7E4F4310-E8D2-4F2C-825A-C235D15E6556}.Release|Win32.Build.0 = Release|Win32
		{7E4F4310-E8D2-4F2C-825A-C235D15E6556}.Release|x86.ActiveCfg = Release|Win32
		{AA81BE37-F043-4E92-AD0F-3B45FC5F002C}.abc|Any CPU.ActiveCfg = abc|Win32
		{AA81BE37-F043-4E92-AD0F-3B45FC5F002C}.abc|Mixed Platforms.ActiveCfg = abc|Win32
		{AA81BE37-F043-4E92-AD0F-3B45FC5F002C}.abc|Mixed Platforms.Build.0 = abc|Win32
		{AA81BE37-F043-4E92-AD0F-3B45FC5F002C}.abc|Win32.ActiveCfg = abc|Win32
		{AA81BE37-F043-4E92-AD0F-3B45FC5F002C}.abc|Win32.Build.0 = abc|Win32
		{AA81BE37-F043-4E92-AD0F-3B45FC5F002C}.abc|x86.ActiveCfg = abc|Win32
		{AA81BE37-F043-4E92-AD0F-3B45FC5F002C}.CompilazioneTotale|Any CPU.ActiveCfg = Release|Win32
		{AA81BE37-F043-4E92-AD0F-3B45FC5F002C}.CompilazioneTotale|Mixed Platforms.ActiveCfg = Release|Win32
		{AA81BE37-F043-4E92-AD0F-3B45FC5F002C}.CompilazioneTotale|Mixed Platforms.Build.0 = Release|Win32
		{AA81BE37-F043-4E92-AD0F-3B45FC5F002C}.CompilazioneTotale|Win32.ActiveCfg = Release|Win32
		{AA81BE37-F043-4E92-AD0F-3B45FC5F002C}.CompilazioneTotale|Win32.Build.0 = Release|Win32
		{AA81BE37-F043-4E92-AD0F-3B45FC5F002C}.CompilazioneTotale|x86.ActiveCfg = Release|Win32
		{AA81BE37-F043-4E92-AD0F-3B45FC5F002C}.Debug|Any CPU.ActiveCfg = Debug|Win32
		{AA81BE37-F043-4E92-AD0F-3B45FC5F002C}.Debug|Mixed Platforms.ActiveCfg = Debug|Win32
		{AA81BE37-F043-4E92-AD0F-3B45FC5F002C}.Debug|Mixed Platforms.Build.0 = Debug|Win32
		{AA81BE37-F043-4E92-AD0F-3B45FC5F002C}.Debug|Win32.ActiveCfg = Debug|Win32
		{AA81BE37-F043-4E92-AD0F-3B45FC5F002C}.Debug|Win32.Build.0 = Debug|Win32
		{AA81BE37-F043-4E92-AD0F-3B45FC5F002C}.Debug|x86.ActiveCfg = Debug|Win32
		{AA81BE37-F043-4E92-AD0F-3B45FC5F002C}.Libreria Statica - Debug|Any CPU.ActiveCfg = Libreria Statica - Debug|Win32
		{AA81BE37-F043-4E92-AD0F-3B45FC5F002C}.Libreria Statica - Debug|Mixed Platforms.ActiveCfg = Libreria Statica - Debug|Win32
		{AA81BE37-F043-4E92-AD0F-3B45FC5F002C}.Libreria Statica - Debug|Mixed Platforms.Build.0 = Libreria Statica - Debug|Win32
		{AA81BE37-F043-4E92-AD0F-3B45FC5F002C}.Libreria Statica - Debug|Win32.ActiveCfg = Libreria Statica - Debug|Win32
		{AA81BE37-F043-4E92-AD0F-3B45FC5F002C}.Libreria Statica - Debug|Win32.Build.0 = Libreria Statica - Debug|Win32
		{AA81BE37-F043-4E92-AD0F-3B45FC5F002C}.Libreria Statica - Debug|x86.ActiveCfg = Libreria Statica - Debug|Win32
		{AA81BE37-F043-4E92-AD0F-3B45FC5F002C}.Release|Any CPU.ActiveCfg = Release|Win32
		{AA81BE37-F043-4E92-AD0F-3B45FC5F002C}.Release|Mixed Platforms.ActiveCfg = Release|Win32
		{AA81BE37-F043-4E92-AD0F-3B45FC5F002C}.Release|Mixed Platforms.Build.0 = Release|Win32
		{AA81BE37-F043-4E92-AD0F-3B45FC5F002C}.Release|Win32.ActiveCfg = Release|Win32
		{AA81BE37-F043-4E92-AD0F-3B45FC5F002C}.Release|Win32.Build.0 = Release|Win32
		{AA81BE37-F043-4E92-AD0F-3B45FC5F002C}.Release|x86.ActiveCfg = Release|Win32
		{C199D325-23BA-4BD8-811A-D1937635D0B4}.abc|Any CPU.ActiveCfg = abc|Win32
		{C199D325-23BA-4BD8-811A-D1937635D0B4}.abc|Mixed Platforms.ActiveCfg = abc|Win32
		{C199D325-23BA-4BD8-811A-D1937635D0B4}.abc|Mixed Platforms.Build.0 = abc|Win32
		{C199D325-23BA-4BD8-811A-D1937635D0B4}.abc|Win32.ActiveCfg = abc|Win32
		{C199D325-23BA-4BD8-811A-D1937635D0B4}.abc|Win32.Build.0 = abc|Win32
		{C199D325-23BA-4BD8-811A-D1937635D0B4}.abc|x86.ActiveCfg = abc|Win32
		{C199D325-23BA-4BD8-811A-D1937635D0B4}.CompilazioneTotale|Any CPU.ActiveCfg = CompilazioneTotale|Win32
		{C199D325-23BA-4BD8-811A-D1937635D0B4}.CompilazioneTotale|Mixed Platforms.ActiveCfg = CompilazioneTotale|Win32
		{C199D325-23BA-4BD8-811A-D1937635D0B4}.CompilazioneTotale|Mixed Platforms.Build.0 = CompilazioneTotale|Win32
		{C199D325-23BA-4BD8-811A-D1937635D0B4}.CompilazioneTotale|Win32.ActiveCfg = CompilazioneTotale|Win32
		{C199D325-23BA-4BD8-811A-D1937635D0B4}.CompilazioneTotale|Win32.Build.0 = CompilazioneTotale|Win32
		{C199D325-23BA-4BD8-811A-D1937635D0B4}.CompilazioneTotale|x86.ActiveCfg = CompilazioneTotale|Win32
		{C199D325-23BA-4BD8-811A-D1937635D0B4}.Debug|Any CPU.ActiveCfg = Debug|Win32
		{C199D325-23BA-4BD8-811A-D1937635D0B4}.Debug|Mixed Platforms.ActiveCfg = Debug|Win32
		{C199D325-23BA-4BD8-811A-D1937635D0B4}.Debug|Mixed Platforms.Build.0 = Debug|Win32
		{C199D325-23BA-4BD8-811A-D1937635D0B4}.Debug|Win32.ActiveCfg = Debug|Win32
		{C199D325-23BA-4BD8-811A-D1937635D0B4}.Debug|Win32.Build.0 = Debug|Win32
		{C199D325-23BA-4BD8-811A-D1937635D0B4}.Debug|x86.ActiveCfg = Debug|Win32
		{C199D325-23BA-4BD8-811A-D1937635D0B4}.Libreria Statica - Debug|Any CPU.ActiveCfg = Libreria Statica - Debug|Win32
		{C199D325-23BA-4BD8-811A-D1937635D0B4}.Libreria Statica - Debug|Mixed Platforms.ActiveCfg = Libreria Statica - Debug|Win32
		{C199D325-23BA-4BD8-811A-D1937635D0B4}.Libreria Statica - Debug|Mixed Platforms.Build.0 = Libreria Statica - Debug|Win32
		{C199D325-23BA-4BD8-811A-D1937635D0B4}.Libreria Statica - Debug|Win32.ActiveCfg = Libreria Statica - Debug|Win32
		{C199D325-23BA-4BD8-811A-D1937635D0B4}.Libreria Statica - Debug|Win32.Build.0 = Libreria Statica - Debug|Win32
		{C199D325-23BA-4BD8-811A-D1937635D0B4}.Libreria Statica - Debug|x86.ActiveCfg = Libreria Statica - Debug|Win32
		{C199D325-23BA-4BD8-811A-D1937635D0B4}.Release|Any CPU.ActiveCfg = Release|Win32
		{C199D325-23BA-4BD8-811A-D1937635D0B4}.Release|Mixed Platforms.ActiveCfg = Release|Win32
		{C199D325-23BA-4BD8-811A-D1937635D0B4}.Release|Mixed Platforms.Build.0 = Release|Win32
		{C199D325-23BA-4BD8-811A-D1937635D0B4}.Release|Win32.ActiveCfg = Release|Win32
		{C199D325-23BA-4BD8-811A-D1937635D0B4}.Release|Win32.Build.0 = Release|Win32
		{C199D325-23BA-4BD8-811A-D1937635D0B4}.Release|x86.ActiveCfg = Release|Win32
	EndGlobalSection
	GlobalSection(SolutionProperties) = preSolution
		HideSolutionNode = FALSE
	EndGlobalSection
	GlobalSection(NestedProjects) = preSolution
		{5424A937-899E-491D-84F2-CD55B3D6E295} = {ED4FCCFD-485F-4ECD-8036-5F05B70AE83B}
		{EF4A4072-1FD1-4B48-956C-6FF0EA34ECE5} = {ED4FCCFD-485F-4ECD-8036-5F05B70AE83B}
		{780C1946-313B-480B-A9DD-E88791AC8F20} = {5424A937-899E-491D-84F2-CD55B3D6E295}
		{E0EED8B2-B64D-4156-B86D-02B2609484EA} = {5424A937-899E-491D-84F2-CD55B3D6E295}
		{30879609-E13A-44CB-B6FC-7D6E9ABA734F} = {5424A937-899E-491D-84F2-CD55B3D6E295}
		{152670B6-B2FD-4288-9556-1FB93364FA87} = {5424A937-899E-491D-84F2-CD55B3D6E295}
		{FB8A3206-C101-4C9C-87F7-FC590796AD7E} = {EF4A4072-1FD1-4B48-956C-6FF0EA34ECE5}
		{AD9D0D2F-C4D5-42B9-A53A-9EA81369ABDB} = {EF4A4072-1FD1-4B48-956C-6FF0EA34ECE5}
		{30976358-EF5A-4E29-8107-9C857D4F39C2} = {474DF0F1-C3A3-4F22-BBE0-3361CC6C1AC4}
		{7E4F4310-E8D2-4F2C-825A-C235D15E6556} = {474DF0F1-C3A3-4F22-BBE0-3361CC6C1AC4}
		{AA81BE37-F043-4E92-AD0F-3B45FC5F002C} = {474DF0F1-C3A3-4F22-BBE0-3361CC6C1AC4}
		{C199D325-23BA-4BD8-811A-D1937635D0B4} = {474DF0F1-C3A3-4F22-BBE0-3361CC6C1AC4}
	EndGlobalSection
	GlobalSection(ExtensibilityGlobals) = postSolution
		VisualSVNWorkingCopyRoot = .
	EndGlobalSection
EndGlobal
