<?xml version="1.0" encoding="UTF-8" standalone="yes" ?>
<CodeBlocks_project_file>
	<FileVersion major="1" minor="6" />
	<Project>
		<Option title="Criteria.Tools.Executor" />
		<Option execution_dir="/opt/cBPM/criteria-lin/bin/Criteria/Debug/Tools.Executor" />
		<Option pch_mode="2" />
		<Option compiler="gcc" />
		<Build>
			<Target title="Release Win32">
				<Option output="./Release/WFExecutor" prefix_auto="1" extension_auto="1" />
				<Option object_output="Release" />
				<Option type="1" />
				<Option compiler="gcc" />
				<Compiler>
					<Add option="-DWIN32" />
					<Add option="-DNDEBUG" />
					<Add option="-D_CONSOLE" />
					<Add option="-W" />
					<Add option="-O2" />
				</Compiler>
			</Target>
			<Target title="Debug Win32">
				<Option output="/opt/cBPM/criteria-lin/bin/Criteria/Debug/Tools.Executor/executer" prefix_auto="1" extension_auto="1" />
				<Option object_output="/opt/cBPM/criteria-lin/bin/Criteria/Debug/Tools.Executor" />
				<Option type="1" />
				<Option compiler="gcc" />
				<Option parameters="TestNotePad" />
				<Compiler>
					<Add option="-Wall" />
					<Add option="-std=c++11" />
					<Add option="-g" />
					<Add option="-W" />
					<Add option="-O0" />
					<Add option="-DWIN32" />
					<Add option="-D_DEBUG" />
					<Add option="-D_CONSOLE" />
					<Add option="-D_CODEMANAGER_TRACE_ON_" />
					<Add option="-DBOS_EXPORTS" />
					<Add option="-DENGINE_EXPORTS" />
					<Add directory="/opt/cBPM/criteria-lin/include/bOS" />
					<Add directory="/opt/cBPM/criteria-lin/include/WorkflowEngine" />
					<Add directory="/opt/cBPM/criteria-lin/include" />
					<Add directory="/usr/include" />
				</Compiler>
				<Linker>
					<Add library="Libraries" />
					<Add library="WorkflowEngineD" />
					<Add library="xerces-c-3.1" />
					<Add library="mysqlclient" />
					<Add library="fcgi++" />
					<Add library="fcgi" />
					<Add directory="/usr/lib64/mysql/" />
					<Add directory="/opt/cBPM/criteria-lin/lib" />
					<Add directory="/lib64/" />
					<Add directory="/usr/local/lib/" />
				</Linker>
				<ExtraCommands>
					<Add after="cp /opt/cBPM/criteria-lin/bin/Criteria/Debug/Tools.Executor/executer /usr/share/nginx/html; cp /opt/cBPM/criteria-lin/bin/Criteria/Debug/Tools.Executor/executer /opt/cBPM/criteria-lin/lib" />
				</ExtraCommands>
			</Target>
		</Build>
		<Unit filename="default.build" />
		<Unit filename="src/jsoncpp.cpp" />
		<Unit filename="src/main.cpp" />
		<Unit filename="src/rest.cpp" />
		<Extensions>
			<code_completion />
			<debugger />
			<envvars />
		</Extensions>
	</Project>
</CodeBlocks_project_file>
