<?xml version="1.0" encoding="utf-8"?>
<Project ToolsVersion="4.0" xmlns="http://schemas.microsoft.com/developer/msbuild/2003">
  <ItemGroup>
    <Filter Include="Engine">
      <UniqueIdentifier>{dabcfce5-a2ac-4ba0-bb24-0fce3ae5f319}</UniqueIdentifier>
    </Filter>
    <Filter Include="Engine\DataType">
      <UniqueIdentifier>{ba903582-8486-4571-87eb-d4f4ad15893c}</UniqueIdentifier>
    </Filter>
    <Filter Include="events">
      <UniqueIdentifier>{9f321ae5-0300-4c56-830a-9bdb84d6e60d}</UniqueIdentifier>
    </Filter>
    <Filter Include="events\process">
      <UniqueIdentifier>{70401029-23c8-4ac6-9925-76092f6e240f}</UniqueIdentifier>
    </Filter>
    <Filter Include="events\workflow">
      <UniqueIdentifier>{56454344-f5d5-4a2e-9b58-bb84fb8cdf56}</UniqueIdentifier>
    </Filter>
    <Filter Include="BasicTask">
      <UniqueIdentifier>{3cba75a2-731d-48d6-a119-fb0eab70af5e}</UniqueIdentifier>
    </Filter>
    <Filter Include="BasicTask\Condition">
      <UniqueIdentifier>{7df978d5-dcab-4dd9-a0b7-63febdce7975}</UniqueIdentifier>
    </Filter>
    <Filter Include="BasicTask\Loop">
      <UniqueIdentifier>{15233e03-1484-45f7-93cf-5ccf878417ee}</UniqueIdentifier>
    </Filter>
    <Filter Include="BasicTask\Loop\Application">
      <UniqueIdentifier>{47ded16d-a74c-4de5-a36e-2e4c7c35fef3}</UniqueIdentifier>
    </Filter>
    <Filter Include="BasicTask\Primitive">
      <UniqueIdentifier>{a1de0a1a-2264-4eb9-bbf9-44f8354031ed}</UniqueIdentifier>
    </Filter>
    <Filter Include="BasicTask\Processes">
      <UniqueIdentifier>{bc06e8e8-c82d-478a-bc99-d49a49edacee}</UniqueIdentifier>
    </Filter>
    <Filter Include="BasicTask\XML">
      <UniqueIdentifier>{66c91afb-bdfd-42f1-b794-61cc087f0b4c}</UniqueIdentifier>
    </Filter>
    <Filter Include="BasicTask\Events">
      <UniqueIdentifier>{1d755e9f-fa48-4cd9-9869-e78ae5bfb160}</UniqueIdentifier>
    </Filter>
    <Filter Include="BasicTask\Loop\Application\DataModel">
      <UniqueIdentifier>{a9ec6018-a3f1-4e51-b749-21ec3089bff6}</UniqueIdentifier>
    </Filter>
    <Filter Include="ExternalEvent">
      <UniqueIdentifier>{2e94b84c-6d2c-4ad7-9b48-2661b06bc499}</UniqueIdentifier>
    </Filter>
    <Filter Include="ExternalEvent\DataModel">
      <UniqueIdentifier>{fcf663eb-a5db-484c-9472-9d3f535dad4d}</UniqueIdentifier>
    </Filter>
    <Filter Include="DataBase">
      <UniqueIdentifier>{f750eb94-b0e6-4faa-9ae1-9dc3a97bd2b4}</UniqueIdentifier>
    </Filter>
    <Filter Include="DataBase\DataModel">
      <UniqueIdentifier>{c238407b-79d6-41c5-9200-f1a595d4bd3a}</UniqueIdentifier>
    </Filter>
    <Filter Include="DataBase\DataModel\Configuration">
      <UniqueIdentifier>{d8d406c3-420f-4179-a77e-f0d1fb469322}</UniqueIdentifier>
    </Filter>
    <Filter Include="DataBase\DataModel\Configuration\FileSystem">
      <UniqueIdentifier>{a1bde5ba-8097-439d-a9f2-495990425134}</UniqueIdentifier>
    </Filter>
    <Filter Include="DataBase\DataModel\Configuration\mySQL">
      <UniqueIdentifier>{6b1f1496-183f-4756-962e-53ef0c89b591}</UniqueIdentifier>
    </Filter>
    <Filter Include="DataBase\DataModel\Configuration\SQLite">
      <UniqueIdentifier>{2b4b4642-ff70-4cad-ae6e-0ab4a6e26270}</UniqueIdentifier>
    </Filter>
    <Filter Include="Idioma">
      <UniqueIdentifier>{38b9bfb3-5d8b-4141-b998-32f292fe5da3}</UniqueIdentifier>
    </Filter>
    <Filter Include="WAPI">
      <UniqueIdentifier>{dfe08230-6e3a-47ab-b34d-ee76784368d3}</UniqueIdentifier>
    </Filter>
  </ItemGroup>
  <ItemGroup>
    <ClCompile Include="engine\Engine.cpp">
      <Filter>Engine</Filter>
    </ClCompile>
    <ClCompile Include="engine\EventsManagerThread.cpp">
      <Filter>Engine</Filter>
    </ClCompile>
    <ClCompile Include="engine\IWorkflow.cpp">
      <Filter>Engine</Filter>
    </ClCompile>
    <ClCompile Include="engine\Workflow.cpp">
      <Filter>Engine</Filter>
    </ClCompile>
    <ClCompile Include="engine\WorkflowManager.cpp">
      <Filter>Engine</Filter>
    </ClCompile>
    <ClCompile Include="engine\WorkflowReport.cpp">
      <Filter>Engine</Filter>
    </ClCompile>
    <ClCompile Include="engine\WorkFlowThread.cpp">
      <Filter>Engine</Filter>
    </ClCompile>
    <ClCompile Include="engine\DataType\IDataType.cpp">
      <Filter>Engine\DataType</Filter>
    </ClCompile>
    <ClCompile Include="engine\DataType\NaturalType.cpp">
      <Filter>Engine\DataType</Filter>
    </ClCompile>
    <ClCompile Include="events\BaseEvent.cpp">
      <Filter>events</Filter>
    </ClCompile>
    <ClCompile Include="events\EventListener.cpp">
      <Filter>events</Filter>
    </ClCompile>
    <ClCompile Include="events\EventMaker.cpp">
      <Filter>events</Filter>
    </ClCompile>
    <ClCompile Include="events\WorkflowListener.cpp">
      <Filter>events</Filter>
    </ClCompile>
    <ClCompile Include="events\BaseProcessEvent.cpp">
      <Filter>events\process</Filter>
    </ClCompile>
    <ClCompile Include="events\CreatedProcessEvent.cpp">
      <Filter>events\process</Filter>
    </ClCompile>
    <ClCompile Include="events\CreatingProcessEvent.cpp">
      <Filter>events\process</Filter>
    </ClCompile>
    <ClCompile Include="events\BaseWorkflowEvent.cpp">
      <Filter>events\workflow</Filter>
    </ClCompile>
    <ClCompile Include="events\EndWorkflowEvent.cpp">
      <Filter>events\workflow</Filter>
    </ClCompile>
    <ClCompile Include="events\ErrorWorkflowEvent.cpp">
      <Filter>events\workflow</Filter>
    </ClCompile>
    <ClCompile Include="events\ManualWorkflowEvent.cpp">
      <Filter>events\workflow</Filter>
    </ClCompile>
    <ClCompile Include="events\RestartedWorkflowEvent.cpp">
      <Filter>events\workflow</Filter>
    </ClCompile>
    <ClCompile Include="events\StartedWorkflowEvent.cpp">
      <Filter>events\workflow</Filter>
    </ClCompile>
    <ClCompile Include="events\StartingWorkflowEvent.cpp">
      <Filter>events\workflow</Filter>
    </ClCompile>
    <ClCompile Include="actions\BaseAction.cpp">
      <Filter>BasicTask</Filter>
    </ClCompile>
    <ClCompile Include="tasks\BaseTask.cpp">
      <Filter>BasicTask</Filter>
    </ClCompile>
    <ClCompile Include="tasks\BeginTask.cpp">
      <Filter>BasicTask</Filter>
    </ClCompile>
    <ClCompile Include="actions\EvalRetrieveParameter.cpp">
      <Filter>BasicTask</Filter>
    </ClCompile>
    <ClCompile Include="actions\ConditionAction.cpp">
      <Filter>BasicTask\Condition</Filter>
    </ClCompile>
    <ClCompile Include="tasks\ConditionTask.cpp">
      <Filter>BasicTask\Condition</Filter>
    </ClCompile>
    <ClCompile Include="actions\EvalExpressionAction.cpp">
      <Filter>BasicTask\Condition</Filter>
    </ClCompile>
    <ClCompile Include="actions\IterationAction.cpp">
      <Filter>BasicTask\Loop</Filter>
    </ClCompile>
    <ClCompile Include="actions\IterationCounterAction.cpp">
      <Filter>BasicTask\Loop</Filter>
    </ClCompile>
    <ClCompile Include="actions\IterationExpressionAction.cpp">
      <Filter>BasicTask\Loop</Filter>
    </ClCompile>
    <ClCompile Include="tasks\LoopTask.cpp">
      <Filter>BasicTask\Loop</Filter>
    </ClCompile>
    <ClCompile Include="actions\ApplicationFunctionAction.cpp">
      <Filter>BasicTask\Loop\Application</Filter>
    </ClCompile>
    <ClCompile Include="actions\ApplicationFunctionActionAttach.cpp">
      <Filter>BasicTask\Loop\Application</Filter>
    </ClCompile>
    <ClCompile Include="tasks\ApplicationFunctionTask.cpp">
      <Filter>BasicTask\Loop\Application</Filter>
    </ClCompile>
    <ClCompile Include="actions\PrimitiveAction.cpp">
      <Filter>BasicTask\Primitive</Filter>
    </ClCompile>
    <ClCompile Include="actions\PrimitiveActionAttach.cpp">
      <Filter>BasicTask\Primitive</Filter>
    </ClCompile>
    <ClCompile Include="actions\PrimitiveActionDetach.cpp">
      <Filter>BasicTask\Primitive</Filter>
    </ClCompile>
    <ClCompile Include="tasks\PrimitiveTask.cpp">
      <Filter>BasicTask\Primitive</Filter>
    </ClCompile>
    <ClCompile Include="actions\ProcessAction.cpp">
      <Filter>BasicTask\Processes</Filter>
    </ClCompile>
    <ClCompile Include="actions\ProcessActionAttach.cpp">
      <Filter>BasicTask\Processes</Filter>
    </ClCompile>
    <ClCompile Include="tasks\ProcessTask.cpp">
      <Filter>BasicTask\Processes</Filter>
    </ClCompile>
    <ClCompile Include="actions\SubFlowExitAction.cpp">
      <Filter>BasicTask\Processes</Filter>
    </ClCompile>
    <ClCompile Include="tasks\SubFlowExitTask.cpp">
      <Filter>BasicTask\Processes</Filter>
    </ClCompile>
    <ClCompile Include="actions\XMLAction.cpp">
      <Filter>BasicTask\XML</Filter>
    </ClCompile>
    <ClCompile Include="actions\XMLActionXMLFile.cpp">
      <Filter>BasicTask\XML</Filter>
    </ClCompile>
    <ClCompile Include="actions\XMLActionXSLT.cpp">
      <Filter>BasicTask\XML</Filter>
    </ClCompile>
    <ClCompile Include="tasks\XMLTask.cpp">
      <Filter>BasicTask\XML</Filter>
    </ClCompile>
    <ClCompile Include="actions\ConsumeEventAction.cpp">
      <Filter>BasicTask\Events</Filter>
    </ClCompile>
    <ClCompile Include="actions\EventAction.cpp">
      <Filter>BasicTask\Events</Filter>
    </ClCompile>
    <ClCompile Include="tasks\EventTask.cpp">
      <Filter>BasicTask\Events</Filter>
    </ClCompile>
    <ClCompile Include="actions\MakeEventAction.cpp">
      <Filter>BasicTask\Events</Filter>
    </ClCompile>
    <ClCompile Include="Application\ApplicationException.cpp">
      <Filter>BasicTask\Loop\Application</Filter>
    </ClCompile>
    <ClCompile Include="Application\ApplicationManager.cpp">
      <Filter>BasicTask\Loop\Application</Filter>
    </ClCompile>
    <ClCompile Include="Application\FunctionExecution.cpp">
      <Filter>BasicTask\Loop\Application</Filter>
    </ClCompile>
    <ClCompile Include="Application\LibraryFunctionExecution.cpp">
      <Filter>BasicTask\Loop\Application</Filter>
    </ClCompile>
    <ClCompile Include="Application\ProcessFunctionExecution.cpp">
      <Filter>BasicTask\Loop\Application</Filter>
    </ClCompile>
    <ClCompile Include="Application\ScriptFunctionExecution.cpp">
      <Filter>BasicTask\Loop\Application</Filter>
    </ClCompile>
    <ClCompile Include="Application\SocketFunctionExecution.cpp">
      <Filter>BasicTask\Loop\Application</Filter>
    </ClCompile>
    <ClCompile Include="Application\DataModel\Application.cpp">
      <Filter>BasicTask\Loop\Application\DataModel</Filter>
    </ClCompile>
    <ClCompile Include="Application\DataModel\ApplicationFunction.cpp">
      <Filter>BasicTask\Loop\Application\DataModel</Filter>
    </ClCompile>
    <ClCompile Include="Application\DataModel\ApplicationFunctionResult.cpp">
      <Filter>BasicTask\Loop\Application\DataModel</Filter>
    </ClCompile>
    <ClCompile Include="Application\DataModel\ApplicationFunctions.cpp">
      <Filter>BasicTask\Loop\Application\DataModel</Filter>
    </ClCompile>
    <ClCompile Include="Application\DataModel\Applications.cpp">
      <Filter>BasicTask\Loop\Application\DataModel</Filter>
    </ClCompile>
    <ClCompile Include="Application\DataModel\SQLApplicationDataModelDefines.cpp">
      <Filter>BasicTask\Loop\Application\DataModel</Filter>
    </ClCompile>
    <ClCompile Include="Application\DataModel\XMLApplicationDataModelDefines.cpp">
      <Filter>BasicTask\Loop\Application\DataModel</Filter>
    </ClCompile>
    <ClCompile Include="ExternalEvent\EventsManager.cpp">
      <Filter>ExternalEvent</Filter>
    </ClCompile>
    <ClCompile Include="ExternalEvent\DataModel\Event.cpp">
      <Filter>ExternalEvent\DataModel</Filter>
    </ClCompile>
    <ClCompile Include="ExternalEvent\DataModel\EventActions.cpp">
      <Filter>ExternalEvent\DataModel</Filter>
    </ClCompile>
    <ClCompile Include="ExternalEvent\DataModel\EventConsumerPolicy.cpp">
      <Filter>ExternalEvent\DataModel</Filter>
    </ClCompile>
    <ClCompile Include="ExternalEvent\DataModel\EventContext.cpp">
      <Filter>ExternalEvent\DataModel</Filter>
    </ClCompile>
    <ClCompile Include="ExternalEvent\DataModel\EventInvocationPolicy.cpp">
      <Filter>ExternalEvent\DataModel</Filter>
    </ClCompile>
    <ClCompile Include="ExternalEvent\DataModel\EventPolicies.cpp">
      <Filter>ExternalEvent\DataModel</Filter>
    </ClCompile>
    <ClCompile Include="ExternalEvent\DataModel\Events.cpp">
      <Filter>ExternalEvent\DataModel</Filter>
    </ClCompile>
    <ClCompile Include="ExternalEvent\DataModel\EventsDefinition.cpp">
      <Filter>ExternalEvent\DataModel</Filter>
    </ClCompile>
    <ClCompile Include="ExternalEvent\DataModel\EventSource.cpp">
      <Filter>ExternalEvent\DataModel</Filter>
    </ClCompile>
    <ClCompile Include="ExternalEvent\DataModel\ManagedEventElement.cpp">
      <Filter>ExternalEvent\DataModel</Filter>
    </ClCompile>
    <ClCompile Include="ExternalEvent\DataModel\OccurredEvent.cpp">
      <Filter>ExternalEvent\DataModel</Filter>
    </ClCompile>
    <ClCompile Include="ExternalEvent\DataModel\ScenarioEventAction.cpp">
      <Filter>ExternalEvent\DataModel</Filter>
    </ClCompile>
    <ClCompile Include="ExternalEvent\DataModel\WaitingActivities.cpp">
      <Filter>ExternalEvent\DataModel</Filter>
    </ClCompile>
    <ClCompile Include="ExternalEvent\DataModel\WaitingActivity.cpp">
      <Filter>ExternalEvent\DataModel</Filter>
    </ClCompile>
    <ClCompile Include="ExternalEvent\DataModel\WaitingEvent.cpp">
      <Filter>ExternalEvent\DataModel</Filter>
    </ClCompile>
    <ClCompile Include="ExternalEvent\DataModel\XMLEventDataModelDefines.cpp">
      <Filter>ExternalEvent\DataModel</Filter>
    </ClCompile>
    <ClCompile Include="DataBase\DataBaseHelper.cpp">
      <Filter>DataBase</Filter>
    </ClCompile>
    <ClCompile Include="DataBase\DataBaseTemplate.cpp">
      <Filter>DataBase</Filter>
    </ClCompile>
    <ClCompile Include="DataBase\FileSystemDataBase.cpp">
      <Filter>DataBase</Filter>
    </ClCompile>
    <ClCompile Include="DataBase\ProcessesHandler.cpp">
      <Filter>DataBase</Filter>
    </ClCompile>
    <ClCompile Include="DataBase\WorkflowProcessInstanceRepository.cpp">
      <Filter>DataBase</Filter>
    </ClCompile>
    <ClCompile Include="DataBase\DataModel\Activities.cpp">
      <Filter>DataBase\DataModel</Filter>
    </ClCompile>
    <ClCompile Include="DataBase\DataModel\Activity.cpp">
      <Filter>DataBase\DataModel</Filter>
    </ClCompile>
    <ClCompile Include="DataBase\DataModel\ActivityComponent.cpp">
      <Filter>DataBase\DataModel</Filter>
    </ClCompile>
    <ClCompile Include="DataBase\DataModel\Attribute.cpp">
      <Filter>DataBase\DataModel</Filter>
    </ClCompile>
    <ClCompile Include="DataBase\DataModel\Attributes.cpp">
      <Filter>DataBase\DataModel</Filter>
    </ClCompile>
    <ClCompile Include="DataBase\DataModel\Behaviour.cpp">
      <Filter>DataBase\DataModel</Filter>
    </ClCompile>
    <ClCompile Include="DataBase\DataModel\BehaviourBase.cpp">
      <Filter>DataBase\DataModel</Filter>
    </ClCompile>
    <ClCompile Include="DataBase\DataModel\BehaviourExecution.cpp">
      <Filter>DataBase\DataModel</Filter>
    </ClCompile>
    <ClCompile Include="DataBase\DataModel\BehaviourFinish.cpp">
      <Filter>DataBase\DataModel</Filter>
    </ClCompile>
    <ClCompile Include="DataBase\DataModel\BehaviourStart.cpp">
      <Filter>DataBase\DataModel</Filter>
    </ClCompile>
    <ClCompile Include="DataBase\DataModel\DataBase.cpp">
      <Filter>DataBase\DataModel</Filter>
    </ClCompile>
    <ClCompile Include="DataBase\DataModel\DataType.cpp">
      <Filter>DataBase\DataModel</Filter>
    </ClCompile>
    <ClCompile Include="DataBase\DataModel\DataTypes.cpp">
      <Filter>DataBase\DataModel</Filter>
    </ClCompile>
    <ClCompile Include="DataBase\DataModel\DataTypeValue.cpp">
      <Filter>DataBase\DataModel</Filter>
    </ClCompile>
    <ClCompile Include="DataBase\DataModel\DataTypeValues.cpp">
      <Filter>DataBase\DataModel</Filter>
    </ClCompile>
    <ClCompile Include="DataBase\DataModel\ExtendedAttribute.cpp">
      <Filter>DataBase\DataModel</Filter>
    </ClCompile>
    <ClCompile Include="DataBase\DataModel\ExtendedAttributes.cpp">
      <Filter>DataBase\DataModel</Filter>
    </ClCompile>
    <ClCompile Include="DataBase\DataModel\FormalParameter.cpp">
      <Filter>DataBase\DataModel</Filter>
    </ClCompile>
    <ClCompile Include="DataBase\DataModel\FormalParametes.cpp">
      <Filter>DataBase\DataModel</Filter>
    </ClCompile>
    <ClCompile Include="DataBase\DataModel\Grant.cpp">
      <Filter>DataBase\DataModel</Filter>
    </ClCompile>
    <ClCompile Include="DataBase\DataModel\Grants.cpp">
      <Filter>DataBase\DataModel</Filter>
    </ClCompile>
    <ClCompile Include="DataBase\DataModel\Log.cpp">
      <Filter>DataBase\DataModel</Filter>
    </ClCompile>
    <ClCompile Include="DataBase\DataModel\Logs.cpp">
      <Filter>DataBase\DataModel</Filter>
    </ClCompile>
    <ClCompile Include="DataBase\DataModel\Message.cpp">
      <Filter>DataBase\DataModel</Filter>
    </ClCompile>
    <ClCompile Include="DataBase\DataModel\Messages.cpp">
      <Filter>DataBase\DataModel</Filter>
    </ClCompile>
    <ClCompile Include="DataBase\DataModel\ODBCConnection.cpp">
      <Filter>DataBase\DataModel</Filter>
    </ClCompile>
    <ClCompile Include="DataBase\DataModel\ProcessComponent.cpp">
      <Filter>DataBase\DataModel</Filter>
    </ClCompile>
    <ClCompile Include="DataBase\DataModel\Report.cpp">
      <Filter>DataBase\DataModel</Filter>
    </ClCompile>
    <ClCompile Include="DataBase\DataModel\Reports.cpp">
      <Filter>DataBase\DataModel</Filter>
    </ClCompile>
    <ClCompile Include="DataBase\DataModel\Role.cpp">
      <Filter>DataBase\DataModel</Filter>
    </ClCompile>
    <ClCompile Include="DataBase\DataModel\Roles.cpp">
      <Filter>DataBase\DataModel</Filter>
    </ClCompile>
    <ClCompile Include="DataBase\DataModel\Script.cpp">
      <Filter>DataBase\DataModel</Filter>
    </ClCompile>
    <ClCompile Include="DataBase\DataModel\Service.cpp">
      <Filter>DataBase\DataModel</Filter>
    </ClCompile>
    <ClCompile Include="DataBase\DataModel\Services.cpp">
      <Filter>DataBase\DataModel</Filter>
    </ClCompile>
    <ClCompile Include="DataBase\DataModel\SQLDataBaseDefines.cpp">
      <Filter>DataBase\DataModel</Filter>
    </ClCompile>
    <ClCompile Include="DataBase\DataModel\Status.cpp">
      <Filter>DataBase\DataModel</Filter>
    </ClCompile>
    <ClCompile Include="DataBase\DataModel\Transition.cpp">
      <Filter>DataBase\DataModel</Filter>
    </ClCompile>
    <ClCompile Include="DataBase\DataModel\Transitions.cpp">
      <Filter>DataBase\DataModel</Filter>
    </ClCompile>
    <ClCompile Include="DataBase\DataModel\User.cpp">
      <Filter>DataBase\DataModel</Filter>
    </ClCompile>
    <ClCompile Include="DataBase\DataModel\Users.cpp">
      <Filter>DataBase\DataModel</Filter>
    </ClCompile>
    <ClCompile Include="DataBase\DataModel\WorkflowProcess.cpp">
      <Filter>DataBase\DataModel</Filter>
    </ClCompile>
    <ClCompile Include="DataBase\DataModel\XMLDataModelDefines.cpp">
      <Filter>DataBase\DataModel</Filter>
    </ClCompile>
    <ClCompile Include="DataBase\DataModel\Connection.cpp">
      <Filter>DataBase\DataModel\Configuration</Filter>
    </ClCompile>
    <ClCompile Include="DataBase\DataModel\Connections.cpp">
      <Filter>DataBase\DataModel\Configuration</Filter>
    </ClCompile>
    <ClCompile Include="DataBase\DataModel\DataBaseObject.cpp">
      <Filter>DataBase\DataModel\Configuration</Filter>
    </ClCompile>
    <ClCompile Include="DataBase\DataModel\DataBaseObjectManager.cpp">
      <Filter>DataBase\DataModel\Configuration</Filter>
    </ClCompile>
    <ClCompile Include="DataBase\DataModel\PoolManager.cpp">
      <Filter>DataBase\DataModel\Configuration</Filter>
    </ClCompile>
    <ClCompile Include="DataBase\DataModel\FileSystemConnection.cpp">
      <Filter>DataBase\DataModel\Configuration\FileSystem</Filter>
    </ClCompile>
    <ClCompile Include="DataBase\DataModel\mySQLConnection.cpp">
      <Filter>DataBase\DataModel\Configuration\mySQL</Filter>
    </ClCompile>
    <ClCompile Include="DataBase\DataModel\SQLiteConnection.cpp">
      <Filter>DataBase\DataModel\Configuration\SQLite</Filter>
    </ClCompile>
    <ClCompile Include="Idioma\Condition.cpp">
      <Filter>Idioma</Filter>
    </ClCompile>
    <ClCompile Include="Idioma\Evaluator.cpp">
      <Filter>Idioma</Filter>
    </ClCompile>
    <ClCompile Include="Idioma\Expression.cpp">
      <Filter>Idioma</Filter>
    </ClCompile>
    <ClCompile Include="Idioma\FreeText.cpp">
      <Filter>Idioma</Filter>
    </ClCompile>
    <ClCompile Include="Idioma\Function.cpp">
      <Filter>Idioma</Filter>
    </ClCompile>
    <ClCompile Include="Idioma\ItemInterface.cpp">
      <Filter>Idioma</Filter>
    </ClCompile>
    <ClCompile Include="Idioma\Keyword.cpp">
      <Filter>Idioma</Filter>
    </ClCompile>
    <ClCompile Include="Idioma\Parameter.cpp">
      <Filter>Idioma</Filter>
    </ClCompile>
    <ClCompile Include="WAPI\Logger.cpp">
      <Filter>WAPI</Filter>
    </ClCompile>
    <ClCompile Include="WAPI\WAPI.cpp">
      <Filter>WAPI</Filter>
    </ClCompile>
    <ClCompile Include="WAPI\WAPIActivity.cpp">
      <Filter>WAPI</Filter>
    </ClCompile>
    <ClCompile Include="WAPI\WAPIApplication.cpp">
      <Filter>WAPI</Filter>
    </ClCompile>
    <ClCompile Include="WAPI\WAPIDataBase.cpp">
      <Filter>WAPI</Filter>
    </ClCompile>
    <ClCompile Include="WAPI\WAPIDataType.cpp">
      <Filter>WAPI</Filter>
    </ClCompile>
    <ClCompile Include="WAPI\WAPIProcess.cpp">
      <Filter>WAPI</Filter>
    </ClCompile>
    <ClCompile Include="WAPI\WAPIReport.cpp">
      <Filter>WAPI</Filter>
    </ClCompile>
    <ClCompile Include="WAPI\WAPIRole.cpp">
      <Filter>WAPI</Filter>
    </ClCompile>
    <ClCompile Include="WAPI\WAPIService.cpp">
      <Filter>WAPI</Filter>
    </ClCompile>
    <ClCompile Include="WAPI\WAPIUser.cpp">
      <Filter>WAPI</Filter>
    </ClCompile>
    <ClCompile Include="WAPI\WAPIWorkflow.cpp">
      <Filter>WAPI</Filter>
    </ClCompile>
    <ClCompile Include="WAPI\WAPIWorkItem.cpp">
      <Filter>WAPI</Filter>
    </ClCompile>
    <ClCompile Include="CommonDefines.cpp" />
  </ItemGroup>
  <ItemGroup>
    <ClInclude Include="engine\Engine.h">
      <Filter>Engine</Filter>
    </ClInclude>
    <ClInclude Include="engine\EngineException.h">
      <Filter>Engine</Filter>
    </ClInclude>
    <ClInclude Include="engine\EventsManagerThread.h">
      <Filter>Engine</Filter>
    </ClInclude>
    <ClInclude Include="engine\IWorkflow.h">
      <Filter>Engine</Filter>
    </ClInclude>
    <ClInclude Include="engine\Workflow.h">
      <Filter>Engine</Filter>
    </ClInclude>
    <ClInclude Include="engine\WorkflowException.h">
      <Filter>Engine</Filter>
    </ClInclude>
    <ClInclude Include="engine\WorkflowManager.h">
      <Filter>Engine</Filter>
    </ClInclude>
    <ClInclude Include="engine\WorkflowReport.h">
      <Filter>Engine</Filter>
    </ClInclude>
    <ClInclude Include="engine\WorkFlowThread.h">
      <Filter>Engine</Filter>
    </ClInclude>
    <ClInclude Include="engine\DataType\IDataType.h">
      <Filter>Engine\DataType</Filter>
    </ClInclude>
    <ClInclude Include="engine\DataType\NaturalType.h">
      <Filter>Engine\DataType</Filter>
    </ClInclude>
    <ClInclude Include="events\BaseEvent.h">
      <Filter>events</Filter>
    </ClInclude>
    <ClInclude Include="events\EventListener.h">
      <Filter>events</Filter>
    </ClInclude>
    <ClInclude Include="events\EventMaker.h">
      <Filter>events</Filter>
    </ClInclude>
    <ClInclude Include="events\WorkflowListener.h">
      <Filter>events</Filter>
    </ClInclude>
    <ClInclude Include="events\BaseProcessEvent.h">
      <Filter>events\process</Filter>
    </ClInclude>
    <ClInclude Include="events\CreatedProcessEvent.h">
      <Filter>events\process</Filter>
    </ClInclude>
    <ClInclude Include="events\CreatingProcessEvent.h">
      <Filter>events\process</Filter>
    </ClInclude>
    <ClInclude Include="events\BaseWorkflowEvent.h">
      <Filter>events\workflow</Filter>
    </ClInclude>
    <ClInclude Include="events\EndWorkflowEvent.h">
      <Filter>events\workflow</Filter>
    </ClInclude>
    <ClInclude Include="events\ErrorWorkflowEvent.h">
      <Filter>events\workflow</Filter>
    </ClInclude>
    <ClInclude Include="events\ManualWorkflowEvent.h">
      <Filter>events\workflow</Filter>
    </ClInclude>
    <ClInclude Include="events\RestartedWorkflowEvent.h">
      <Filter>events\workflow</Filter>
    </ClInclude>
    <ClInclude Include="events\StartedWorkflowEvent.h">
      <Filter>events\workflow</Filter>
    </ClInclude>
    <ClInclude Include="events\StartingWorkflowEvent.h">
      <Filter>events\workflow</Filter>
    </ClInclude>
    <ClInclude Include="actions\BaseAction.h">
      <Filter>BasicTask</Filter>
    </ClInclude>
    <ClInclude Include="tasks\BaseTask.h">
      <Filter>BasicTask</Filter>
    </ClInclude>
    <ClInclude Include="tasks\BeginTask.h">
      <Filter>BasicTask</Filter>
    </ClInclude>
    <ClInclude Include="actions\EvalRetrieveParameter.h">
      <Filter>BasicTask</Filter>
    </ClInclude>
    <ClInclude Include="actions\ConditionAction.h">
      <Filter>BasicTask\Condition</Filter>
    </ClInclude>
    <ClInclude Include="tasks\ConditionTask.h">
      <Filter>BasicTask\Condition</Filter>
    </ClInclude>
    <ClInclude Include="actions\EvalExpressionAction.h">
      <Filter>BasicTask\Condition</Filter>
    </ClInclude>
    <ClInclude Include="actions\IterationAction.h">
      <Filter>BasicTask\Loop</Filter>
    </ClInclude>
    <ClInclude Include="actions\IterationCounterAction.h">
      <Filter>BasicTask\Loop</Filter>
    </ClInclude>
    <ClInclude Include="actions\IterationExpressionAction.h">
      <Filter>BasicTask\Loop</Filter>
    </ClInclude>
    <ClInclude Include="tasks\LoopTask.h">
      <Filter>BasicTask\Loop</Filter>
    </ClInclude>
    <ClInclude Include="actions\ApplicationFunctionAction.h">
      <Filter>BasicTask\Loop\Application</Filter>
    </ClInclude>
    <ClInclude Include="actions\ApplicationFunctionActionAttach.h">
      <Filter>BasicTask\Loop\Application</Filter>
    </ClInclude>
    <ClInclude Include="tasks\ApplicationFunctionTask.h">
      <Filter>BasicTask\Loop\Application</Filter>
    </ClInclude>
    <ClInclude Include="actions\PrimitiveAction.h">
      <Filter>BasicTask\Primitive</Filter>
    </ClInclude>
    <ClInclude Include="actions\PrimitiveActionAttach.h">
      <Filter>BasicTask\Primitive</Filter>
    </ClInclude>
    <ClInclude Include="actions\PrimitiveActionDetach.h">
      <Filter>BasicTask\Primitive</Filter>
    </ClInclude>
    <ClInclude Include="tasks\PrimitiveTask.h">
      <Filter>BasicTask\Primitive</Filter>
    </ClInclude>
    <ClInclude Include="actions\ProcessAction.h">
      <Filter>BasicTask\Processes</Filter>
    </ClInclude>
    <ClInclude Include="actions\ProcessActionAttach.h">
      <Filter>BasicTask\Processes</Filter>
    </ClInclude>
    <ClInclude Include="tasks\ProcessTask.h">
      <Filter>BasicTask\Processes</Filter>
    </ClInclude>
    <ClInclude Include="actions\SubFlowExitAction.h">
      <Filter>BasicTask\Processes</Filter>
    </ClInclude>
    <ClInclude Include="tasks\SubFlowExitTask.h">
      <Filter>BasicTask\Processes</Filter>
    </ClInclude>
    <ClInclude Include="actions\XMLAction.h">
      <Filter>BasicTask\XML</Filter>
    </ClInclude>
    <ClInclude Include="actions\XMLActionXMLFile.h">
      <Filter>BasicTask\XML</Filter>
    </ClInclude>
    <ClInclude Include="actions\XMLActionXSLT.h">
      <Filter>BasicTask\XML</Filter>
    </ClInclude>
    <ClInclude Include="tasks\XMLTask.h">
      <Filter>BasicTask\XML</Filter>
    </ClInclude>
    <ClInclude Include="actions\ConsumeEventAction.h">
      <Filter>BasicTask\Events</Filter>
    </ClInclude>
    <ClInclude Include="actions\EventAction.h">
      <Filter>BasicTask\Events</Filter>
    </ClInclude>
    <ClInclude Include="tasks\EventTask.h">
      <Filter>BasicTask\Events</Filter>
    </ClInclude>
    <ClInclude Include="actions\MakeEventAction.h">
      <Filter>BasicTask\Events</Filter>
    </ClInclude>
    <ClInclude Include="Application\ApplicationException.h">
      <Filter>BasicTask\Loop\Application</Filter>
    </ClInclude>
    <ClInclude Include="Application\ApplicationManager.h">
      <Filter>BasicTask\Loop\Application</Filter>
    </ClInclude>
    <ClInclude Include="Application\FunctionExecution.h">
      <Filter>BasicTask\Loop\Application</Filter>
    </ClInclude>
    <ClInclude Include="Application\LibraryFunctionExecution.h">
      <Filter>BasicTask\Loop\Application</Filter>
    </ClInclude>
    <ClInclude Include="Application\ProcessFunctionExecution.h">
      <Filter>BasicTask\Loop\Application</Filter>
    </ClInclude>
    <ClInclude Include="Application\ScriptFunctionExecution.h">
      <Filter>BasicTask\Loop\Application</Filter>
    </ClInclude>
    <ClInclude Include="Application\SocketFunctionExecution.h">
      <Filter>BasicTask\Loop\Application</Filter>
    </ClInclude>
    <ClInclude Include="Application\DataModel\Application.h">
      <Filter>BasicTask\Loop\Application\DataModel</Filter>
    </ClInclude>
    <ClInclude Include="Application\DataModel\ApplicationFunction.h">
      <Filter>BasicTask\Loop\Application\DataModel</Filter>
    </ClInclude>
    <ClInclude Include="Application\DataModel\ApplicationFunctionResult.h">
      <Filter>BasicTask\Loop\Application\DataModel</Filter>
    </ClInclude>
    <ClInclude Include="Application\DataModel\ApplicationFunctions.h">
      <Filter>BasicTask\Loop\Application\DataModel</Filter>
    </ClInclude>
    <ClInclude Include="Application\DataModel\Applications.h">
      <Filter>BasicTask\Loop\Application\DataModel</Filter>
    </ClInclude>
    <ClInclude Include="ExternalEvent\EventsManager.h">
      <Filter>ExternalEvent</Filter>
    </ClInclude>
    <ClInclude Include="ExternalEvent\DataModel\CommonDefines.h">
      <Filter>ExternalEvent\DataModel</Filter>
    </ClInclude>
    <ClInclude Include="ExternalEvent\DataModel\Event.h">
      <Filter>ExternalEvent\DataModel</Filter>
    </ClInclude>
    <ClInclude Include="ExternalEvent\DataModel\EventActions.h">
      <Filter>ExternalEvent\DataModel</Filter>
    </ClInclude>
    <ClInclude Include="ExternalEvent\DataModel\EventConsumerPolicy.h">
      <Filter>ExternalEvent\DataModel</Filter>
    </ClInclude>
    <ClInclude Include="ExternalEvent\DataModel\EventContext.h">
      <Filter>ExternalEvent\DataModel</Filter>
    </ClInclude>
    <ClInclude Include="ExternalEvent\DataModel\EventDataModel.h">
      <Filter>ExternalEvent\DataModel</Filter>
    </ClInclude>
    <ClInclude Include="ExternalEvent\DataModel\EventInvocationPolicy.h">
      <Filter>ExternalEvent\DataModel</Filter>
    </ClInclude>
    <ClInclude Include="ExternalEvent\DataModel\EventPolicies.h">
      <Filter>ExternalEvent\DataModel</Filter>
    </ClInclude>
    <ClInclude Include="ExternalEvent\DataModel\Events.h">
      <Filter>ExternalEvent\DataModel</Filter>
    </ClInclude>
    <ClInclude Include="ExternalEvent\DataModel\EventsDefinition.h">
      <Filter>ExternalEvent\DataModel</Filter>
    </ClInclude>
    <ClInclude Include="ExternalEvent\DataModel\EventSource.h">
      <Filter>ExternalEvent\DataModel</Filter>
    </ClInclude>
    <ClInclude Include="ExternalEvent\DataModel\ManagedEventElement.h">
      <Filter>ExternalEvent\DataModel</Filter>
    </ClInclude>
    <ClInclude Include="ExternalEvent\DataModel\OccurredEvent.h">
      <Filter>ExternalEvent\DataModel</Filter>
    </ClInclude>
    <ClInclude Include="ExternalEvent\DataModel\ScenarioEventAction.h">
      <Filter>ExternalEvent\DataModel</Filter>
    </ClInclude>
    <ClInclude Include="ExternalEvent\DataModel\WaitingActivities.h">
      <Filter>ExternalEvent\DataModel</Filter>
    </ClInclude>
    <ClInclude Include="ExternalEvent\DataModel\WaitingActivity.h">
      <Filter>ExternalEvent\DataModel</Filter>
    </ClInclude>
    <ClInclude Include="ExternalEvent\DataModel\WaitingEvent.h">
      <Filter>ExternalEvent\DataModel</Filter>
    </ClInclude>
    <ClInclude Include="DataBase\DataBaseHelper.h">
      <Filter>DataBase</Filter>
    </ClInclude>
    <ClInclude Include="DataBase\DataBaseTemplate.h">
      <Filter>DataBase</Filter>
    </ClInclude>
    <ClInclude Include="DataBase\DBException.h">
      <Filter>DataBase</Filter>
    </ClInclude>
    <ClInclude Include="DataBase\FileSystemDataBase.h">
      <Filter>DataBase</Filter>
    </ClInclude>
    <ClInclude Include="DataBase\ProcessesHandler.h">
      <Filter>DataBase</Filter>
    </ClInclude>
    <ClInclude Include="DataBase\WorkflowProcessInstanceRepository.h">
      <Filter>DataBase</Filter>
    </ClInclude>
    <ClInclude Include="DataBase\DataModel\Activities.h">
      <Filter>DataBase\DataModel</Filter>
    </ClInclude>
    <ClInclude Include="DataBase\DataModel\Activity.h">
      <Filter>DataBase\DataModel</Filter>
    </ClInclude>
    <ClInclude Include="DataBase\DataModel\ActivityComponent.h">
      <Filter>DataBase\DataModel</Filter>
    </ClInclude>
    <ClInclude Include="DataBase\DataModel\Attribute.h">
      <Filter>DataBase\DataModel</Filter>
    </ClInclude>
    <ClInclude Include="DataBase\DataModel\Attributes.h">
      <Filter>DataBase\DataModel</Filter>
    </ClInclude>
    <ClInclude Include="DataBase\DataModel\Behaviour.h">
      <Filter>DataBase\DataModel</Filter>
    </ClInclude>
    <ClInclude Include="DataBase\DataModel\BehaviourBase.h">
      <Filter>DataBase\DataModel</Filter>
    </ClInclude>
    <ClInclude Include="DataBase\DataModel\BehaviourExecution.h">
      <Filter>DataBase\DataModel</Filter>
    </ClInclude>
    <ClInclude Include="DataBase\DataModel\BehaviourFinish.h">
      <Filter>DataBase\DataModel</Filter>
    </ClInclude>
    <ClInclude Include="DataBase\DataModel\BehaviourStart.h">
      <Filter>DataBase\DataModel</Filter>
    </ClInclude>
    <ClInclude Include="DataBase\DataModel\CommonDefines.h">
      <Filter>DataBase\DataModel</Filter>
    </ClInclude>
    <ClInclude Include="DataBase\DataModel\DataBase.h">
      <Filter>DataBase\DataModel</Filter>
    </ClInclude>
    <ClInclude Include="DataBase\DataModel\DataType.h">
      <Filter>DataBase\DataModel</Filter>
    </ClInclude>
    <ClInclude Include="DataBase\DataModel\DataTypes.h">
      <Filter>DataBase\DataModel</Filter>
    </ClInclude>
    <ClInclude Include="DataBase\DataModel\DataTypeValue.h">
      <Filter>DataBase\DataModel</Filter>
    </ClInclude>
    <ClInclude Include="DataBase\DataModel\DataTypeValues.h">
      <Filter>DataBase\DataModel</Filter>
    </ClInclude>
    <ClInclude Include="DataBase\DataModel\ExtendedAttribute.h">
      <Filter>DataBase\DataModel</Filter>
    </ClInclude>
    <ClInclude Include="DataBase\DataModel\ExtendedAttributes.h">
      <Filter>DataBase\DataModel</Filter>
    </ClInclude>
    <ClInclude Include="DataBase\DataModel\FormalParameter.h">
      <Filter>DataBase\DataModel</Filter>
    </ClInclude>
    <ClInclude Include="DataBase\DataModel\FormalParameters.h">
      <Filter>DataBase\DataModel</Filter>
    </ClInclude>
    <ClInclude Include="DataBase\DataModel\Grant.h">
      <Filter>DataBase\DataModel</Filter>
    </ClInclude>
    <ClInclude Include="DataBase\DataModel\Grants.h">
      <Filter>DataBase\DataModel</Filter>
    </ClInclude>
    <ClInclude Include="DataBase\DataModel\Log.h">
      <Filter>DataBase\DataModel</Filter>
    </ClInclude>
    <ClInclude Include="DataBase\DataModel\Logs.h">
      <Filter>DataBase\DataModel</Filter>
    </ClInclude>
    <ClInclude Include="DataBase\DataModel\Message.h">
      <Filter>DataBase\DataModel</Filter>
    </ClInclude>
    <ClInclude Include="DataBase\DataModel\Messages.h">
      <Filter>DataBase\DataModel</Filter>
    </ClInclude>
    <ClInclude Include="DataBase\DataModel\ODBCConnection.h">
      <Filter>DataBase\DataModel</Filter>
    </ClInclude>
    <ClInclude Include="DataBase\DataModel\ProcessComponent.h">
      <Filter>DataBase\DataModel</Filter>
    </ClInclude>
    <ClInclude Include="DataBase\DataModel\Report.h">
      <Filter>DataBase\DataModel</Filter>
    </ClInclude>
    <ClInclude Include="DataBase\DataModel\Reports.h">
      <Filter>DataBase\DataModel</Filter>
    </ClInclude>
    <ClInclude Include="DataBase\DataModel\Role.h">
      <Filter>DataBase\DataModel</Filter>
    </ClInclude>
    <ClInclude Include="DataBase\DataModel\Roles.h">
      <Filter>DataBase\DataModel</Filter>
    </ClInclude>
    <ClInclude Include="DataBase\DataModel\Script.h">
      <Filter>DataBase\DataModel</Filter>
    </ClInclude>
    <ClInclude Include="DataBase\DataModel\Service.h">
      <Filter>DataBase\DataModel</Filter>
    </ClInclude>
    <ClInclude Include="DataBase\DataModel\Services.h">
      <Filter>DataBase\DataModel</Filter>
    </ClInclude>
    <ClInclude Include="DataBase\DataModel\Status.h">
      <Filter>DataBase\DataModel</Filter>
    </ClInclude>
    <ClInclude Include="DataBase\DataModel\Transition.h">
      <Filter>DataBase\DataModel</Filter>
    </ClInclude>
    <ClInclude Include="DataBase\DataModel\Transitions.h">
      <Filter>DataBase\DataModel</Filter>
    </ClInclude>
    <ClInclude Include="DataBase\DataModel\User.h">
      <Filter>DataBase\DataModel</Filter>
    </ClInclude>
    <ClInclude Include="DataBase\DataModel\Users.h">
      <Filter>DataBase\DataModel</Filter>
    </ClInclude>
    <ClInclude Include="DataBase\DataModel\WorkflowProcess.h">
      <Filter>DataBase\DataModel</Filter>
    </ClInclude>
    <ClInclude Include="DataBase\DataModel\Connection.h">
      <Filter>DataBase\DataModel\Configuration</Filter>
    </ClInclude>
    <ClInclude Include="DataBase\DataModel\Connections.h">
      <Filter>DataBase\DataModel\Configuration</Filter>
    </ClInclude>
    <ClInclude Include="DataBase\DataModel\DataBaseObject.h">
      <Filter>DataBase\DataModel\Configuration</Filter>
    </ClInclude>
    <ClInclude Include="DataBase\DataModel\DataBaseObjectManager.h">
      <Filter>DataBase\DataModel\Configuration</Filter>
    </ClInclude>
    <ClInclude Include="DataBase\DataModel\PoolManager.h">
      <Filter>DataBase\DataModel\Configuration</Filter>
    </ClInclude>
    <ClInclude Include="DataBase\DataModel\FileSystemConnection.h">
      <Filter>DataBase\DataModel\Configuration\FileSystem</Filter>
    </ClInclude>
    <ClInclude Include="DataBase\DataModel\mySQLConnection.h">
      <Filter>DataBase\DataModel\Configuration\mySQL</Filter>
    </ClInclude>
    <ClInclude Include="DataBase\DataModel\SQLiteConnection.h">
      <Filter>DataBase\DataModel\Configuration\SQLite</Filter>
    </ClInclude>
    <ClInclude Include="Idioma\Condition.h">
      <Filter>Idioma</Filter>
    </ClInclude>
    <ClInclude Include="Idioma\Evaluator.h">
      <Filter>Idioma</Filter>
    </ClInclude>
    <ClInclude Include="Idioma\Expression.h">
      <Filter>Idioma</Filter>
    </ClInclude>
    <ClInclude Include="Idioma\FreeText.h">
      <Filter>Idioma</Filter>
    </ClInclude>
    <ClInclude Include="Idioma\Function.h">
      <Filter>Idioma</Filter>
    </ClInclude>
    <ClInclude Include="Idioma\ItemInterface.h">
      <Filter>Idioma</Filter>
    </ClInclude>
    <ClInclude Include="Idioma\Keyword.h">
      <Filter>Idioma</Filter>
    </ClInclude>
    <ClInclude Include="Idioma\Parameter.h">
      <Filter>Idioma</Filter>
    </ClInclude>
    <ClInclude Include="Idioma\RetrieveParameter.h">
      <Filter>Idioma</Filter>
    </ClInclude>
    <ClInclude Include="Idioma\ScriptException.h">
      <Filter>Idioma</Filter>
    </ClInclude>
    <ClInclude Include="WAPI\Logger.h">
      <Filter>WAPI</Filter>
    </ClInclude>
    <ClInclude Include="WAPI\WAPI.h">
      <Filter>WAPI</Filter>
    </ClInclude>
    <ClInclude Include="WAPI\WAPIActivity.h">
      <Filter>WAPI</Filter>
    </ClInclude>
    <ClInclude Include="WAPI\WAPIApplication.h">
      <Filter>WAPI</Filter>
    </ClInclude>
    <ClInclude Include="WAPI\WAPIDataBase.h">
      <Filter>WAPI</Filter>
    </ClInclude>
    <ClInclude Include="WAPI\WAPIDataType.h">
      <Filter>WAPI</Filter>
    </ClInclude>
    <ClInclude Include="WAPI\WAPIError.h">
      <Filter>WAPI</Filter>
    </ClInclude>
    <ClInclude Include="WAPI\WAPIProcess.h">
      <Filter>WAPI</Filter>
    </ClInclude>
    <ClInclude Include="WAPI\WAPIReport.h">
      <Filter>WAPI</Filter>
    </ClInclude>
    <ClInclude Include="WAPI\WAPIRole.h">
      <Filter>WAPI</Filter>
    </ClInclude>
    <ClInclude Include="WAPI\WAPIService.h">
      <Filter>WAPI</Filter>
    </ClInclude>
    <ClInclude Include="WAPI\WAPIUser.h">
      <Filter>WAPI</Filter>
    </ClInclude>
    <ClInclude Include="WAPI\WAPIWorkflow.h">
      <Filter>WAPI</Filter>
    </ClInclude>
    <ClInclude Include="WAPI\WAPIWorkItem.h">
      <Filter>WAPI</Filter>
    </ClInclude>
    <ClInclude Include="CommonDefines.h" />
    <ClInclude Include="CriteriaCommonDefines.h" />
  </ItemGroup>
  <ItemGroup>
    <None Include="ExternalEvent\DataModel\Events.xml">
      <Filter>ExternalEvent\DataModel</Filter>
    </None>
    <None Include="ExternalEvent\DataModel\OccurredEvents.xml">
      <Filter>ExternalEvent\DataModel</Filter>
    </None>
    <None Include="ExternalEvent\DataModel\WaitingForEvents.xml">
      <Filter>ExternalEvent\DataModel</Filter>
    </None>
    <None Include="DataBase\database.sql">
      <Filter>DataBase</Filter>
    </None>
    <None Include="DataBase\HowTo.txt">
      <Filter>DataBase</Filter>
    </None>
    <None Include="DataBase\TODO.txt">
      <Filter>DataBase</Filter>
    </None>
    <None Include="default.build" />
    <None Include="HowTo.txt" />
  </ItemGroup>
</Project>